Microsoft Visual Studio Solution File, Format Version 12.00
# Visual Studio 2012
Project("{FAE04EC0-301F-11D3-BF4B-00C04F79EFBC}") = "Redemption", "Redemption.csproj", "{2506C23F-890C-4FAD-A204-2B02E5E09CAA}"
EndProject
Global
	GlobalSection(SolutionConfigurationPlatforms) = preSolution
	Debug|Any CPU = Debug|Any CPU
	ExportDebug|Any CPU = ExportDebug|Any CPU
	ExportRelease|Any CPU = ExportRelease|Any CPU
	EndGlobalSection
	GlobalSection(ProjectConfigurationPlatforms) = postSolution
		{2506C23F-890C-4FAD-A204-2B02E5E09CAA}.Debug|Any CPU.ActiveCfg = Debug|Any CPU
		{2506C23F-890C-4FAD-A204-2B02E5E09CAA}.Debug|Any CPU.Build.0 = Debug|Any CPU
		{2506C23F-890C-4FAD-A204-2B02E5E09CAA}.ExportDebug|Any CPU.ActiveCfg = ExportDebug|Any CPU
		{2506C23F-890C-4FAD-A204-2B02E5E09CAA}.ExportDebug|Any CPU.Build.0 = ExportDebug|Any CPU
		{2506C23F-890C-4FAD-A204-2B02E5E09CAA}.ExportRelease|Any CPU.ActiveCfg = ExportRelease|Any CPU
		{2506C23F-890C-4FAD-A204-2B02E5E09CAA}.ExportRelease|Any CPU.Build.0 = ExportRelease|Any CPU
	EndGlobalSection
EndGlobal
